{
  "nodes": {
    "fenix": {
      "inputs": {
        "nixpkgs": [
          "nixpkgs"
        ],
        "rust-analyzer-src": "rust-analyzer-src"
      },
      "locked": {
        "lastModified": 1736750189,
        "narHash": "sha256-R8z7Z3jiA1+5MAi9SrY35SSeJKEwlRvS3MMljMkPuag=",
        "owner": "nix-community",
        "repo": "fenix",
        "rev": "adbc678ea2850981c363f0531c710baa191e269d",
        "type": "github"
      },
      "original": {
        "owner": "nix-community",
        "repo": "fenix",
        "type": "github"
      }
    },
    "nixCats": {
      "locked": {
        "lastModified": 1735395058,
        "narHash": "sha256-/SqVdchMmzcDJhGoZnTQDtGF+MnVh5cAWa06b6swG7E=",
        "owner": "BirdeeHub",
        "repo": "nixCats-nvim",
        "rev": "3f3f3e9ea4e9b69735e06a757eca19ce06a25f80",
        "type": "github"
      },
      "original": {
        "owner": "BirdeeHub",
        "repo": "nixCats-nvim",
        "type": "github"
      }
    },
    "nixpkgs": {
      "locked": {
        "lastModified": 1736755442,
        "narHash": "sha256-a3MMEY7i/wdF0gb7WFNTn6onzaiMOvwj7OerRVenA8o=",
        "owner": "nixos",
        "repo": "nixpkgs",
        "rev": "ef56e777fedaa4da8c66a150081523c5de1e0171",
        "type": "github"
      },
      "original": {
        "owner": "nixos",
        "ref": "nixpkgs-unstable",
        "repo": "nixpkgs",
        "type": "github"
      }
    },
    "root": {
      "inputs": {
        "fenix": "fenix",
        "nixCats": "nixCats",
        "nixpkgs": "nixpkgs"
      }
    },
    "rust-analyzer-src": {
      "flake": false,
      "locked": {
        "lastModified": 1736690231,
        "narHash": "sha256-g9gyxX+F6CrkT5gRIMKPnCPom0o9ZDzYnzzeNF86D6Q=",
        "owner": "rust-lang",
        "repo": "rust-analyzer",
        "rev": "8364ef299790cb6ec22b9e09e873c97dbe9f2cb5",
        "type": "github"
      },
      "original": {
        "owner": "rust-lang",
        "ref": "nightly",
        "repo": "rust-analyzer",
        "type": "github"
      }
    }
  },
  "root": "root",
  "version": 7
}
